# This is a Gradle generated file for dependency locking.
# Manual edits can break the build and are not advised.
# This file is expected to be part of source control.
androidx.activity:activity:1.5.1=debugCompileClasspath,debugRuntimeClasspath,debugUnitTestCompileClasspath,debugUnitTestRuntimeClasspath
androidx.annotation:annotation-experimental:1.3.1=debugCompileClasspath,debugRuntimeClasspath,debugUnitTestCompileClasspath,debugUnitTestRuntimeClasspath
androidx.annotation:annotation-jvm:1.7.1=debugCompileClasspath,debugRuntimeClasspath,debugUnitTestCompileClasspath,debugUnitTestRuntimeClasspath
androidx.annotation:annotation:1.7.1=debugCompileClasspath,debugRuntimeClasspath,debugUnitTestCompileClasspath,debugUnitTestRuntimeClasspath
androidx.arch.core:core-common:2.1.0=debugCompileClasspath,debugRuntimeClasspath,debugUnitTestCompileClasspath,debugUnitTestRuntimeClasspath
androidx.arch.core:core-runtime:2.1.0=debugCompileClasspath,debugRuntimeClasspath,debugUnitTestCompileClasspath,debugUnitTestRuntimeClasspath
androidx.collection:collection:1.1.0=debugCompileClasspath,debugRuntimeClasspath,debugUnitTestCompileClasspath,debugUnitTestRuntimeClasspath
androidx.concurrent:concurrent-futures:1.0.0=debugRuntimeClasspath,debugUnitTestRuntimeClasspath
androidx.core:core-ktx:1.2.0=debugCompileClasspath,debugRuntimeClasspath,debugUnitTestCompileClasspath,debugUnitTestRuntimeClasspath
androidx.core:core:1.8.0=debugCompileClasspath,debugRuntimeClasspath,debugUnitTestCompileClasspath,debugUnitTestRuntimeClasspath
androidx.customview:customview:1.0.0=debugCompileClasspath,debugRuntimeClasspath,debugUnitTestCompileClasspath,debugUnitTestRuntimeClasspath
androidx.datastore:datastore-android:1.1.7=debugCompileClasspath,debugRuntimeClasspath,debugUnitTestCompileClasspath,debugUnitTestRuntimeClasspath
androidx.datastore:datastore-core-android:1.1.7=debugCompileClasspath,debugRuntimeClasspath,debugUnitTestCompileClasspath,debugUnitTestRuntimeClasspath
androidx.datastore:datastore-core-okio-jvm:1.1.7=debugCompileClasspath,debugRuntimeClasspath,debugUnitTestCompileClasspath,debugUnitTestRuntimeClasspath
androidx.datastore:datastore-core-okio:1.1.7=debugCompileClasspath,debugRuntimeClasspath,debugUnitTestCompileClasspath,debugUnitTestRuntimeClasspath
androidx.datastore:datastore-core:1.1.7=debugCompileClasspath,debugRuntimeClasspath,debugUnitTestCompileClasspath,debugUnitTestRuntimeClasspath
androidx.datastore:datastore-preferences-android:1.1.7=debugCompileClasspath,debugRuntimeClasspath,debugUnitTestCompileClasspath,debugUnitTestRuntimeClasspath
androidx.datastore:datastore-preferences-core-android:1.1.7=debugCompileClasspath,debugRuntimeClasspath,debugUnitTestCompileClasspath,debugUnitTestRuntimeClasspath
androidx.datastore:datastore-preferences-core:1.1.7=debugCompileClasspath,debugRuntimeClasspath,debugUnitTestCompileClasspath,debugUnitTestRuntimeClasspath
androidx.datastore:datastore-preferences-external-protobuf:1.1.7=debugRuntimeClasspath,debugUnitTestRuntimeClasspath
androidx.datastore:datastore-preferences-proto:1.1.7=debugRuntimeClasspath,debugUnitTestRuntimeClasspath
androidx.datastore:datastore-preferences:1.1.7=debugCompileClasspath,debugRuntimeClasspath,debugUnitTestCompileClasspath,debugUnitTestRuntimeClasspath
androidx.datastore:datastore:1.1.7=debugCompileClasspath,debugRuntimeClasspath,debugUnitTestCompileClasspath,debugUnitTestRuntimeClasspath
androidx.fragment:fragment:1.5.1=debugCompileClasspath,debugRuntimeClasspath,debugUnitTestCompileClasspath,debugUnitTestRuntimeClasspath
androidx.lifecycle:lifecycle-common:2.5.1=debugCompileClasspath,debugRuntimeClasspath,debugUnitTestCompileClasspath,debugUnitTestRuntimeClasspath
androidx.lifecycle:lifecycle-livedata-core:2.5.1=debugCompileClasspath,debugRuntimeClasspath,debugUnitTestCompileClasspath,debugUnitTestRuntimeClasspath
androidx.lifecycle:lifecycle-livedata:2.0.0=debugCompileClasspath,debugRuntimeClasspath,debugUnitTestCompileClasspath,debugUnitTestRuntimeClasspath
androidx.lifecycle:lifecycle-runtime:2.5.1=debugCompileClasspath,debugRuntimeClasspath,debugUnitTestCompileClasspath,debugUnitTestRuntimeClasspath
androidx.lifecycle:lifecycle-viewmodel-savedstate:2.5.1=debugCompileClasspath,debugRuntimeClasspath,debugUnitTestCompileClasspath,debugUnitTestRuntimeClasspath
androidx.lifecycle:lifecycle-viewmodel:2.5.1=debugCompileClasspath,debugRuntimeClasspath,debugUnitTestCompileClasspath,debugUnitTestRuntimeClasspath
androidx.loader:loader:1.0.0=debugCompileClasspath,debugRuntimeClasspath,debugUnitTestCompileClasspath,debugUnitTestRuntimeClasspath
androidx.savedstate:savedstate:1.2.0=debugCompileClasspath,debugRuntimeClasspath,debugUnitTestCompileClasspath,debugUnitTestRuntimeClasspath
androidx.tracing:tracing:1.0.0=debugRuntimeClasspath,debugUnitTestRuntimeClasspath
androidx.versionedparcelable:versionedparcelable:1.1.1=debugCompileClasspath,debugRuntimeClasspath,debugUnitTestCompileClasspath,debugUnitTestRuntimeClasspath
androidx.viewpager:viewpager:1.0.0=debugCompileClasspath,debugRuntimeClasspath,debugUnitTestCompileClasspath,debugUnitTestRuntimeClasspath
com.google.code.findbugs:jsr305:3.0.2=_agp_internal_javaPreCompileDebugUnitTest_kaptClasspath,_agp_internal_javaPreCompileDebug_kaptClasspath,debugAnnotationProcessorClasspath,debugCompileClasspath,debugRuntimeClasspath,debugUnitTestCompileClasspath,debugUnitTestRuntimeClasspath,kapt,kaptClasspath_kaptDebugKotlin,kaptClasspath_kaptDebugUnitTestKotlin,kaptTest,kaptTestDebug
com.google.dagger:dagger-compiler:2.57.2=_agp_internal_javaPreCompileDebugUnitTest_kaptClasspath,_agp_internal_javaPreCompileDebug_kaptClasspath,debugAnnotationProcessorClasspath,kapt,kaptClasspath_kaptDebugKotlin,kaptClasspath_kaptDebugUnitTestKotlin,kaptTest,kaptTestDebug
com.google.dagger:dagger-lint-aar:2.57.2=debugCompileClasspath,debugRuntimeClasspath,debugUnitTestCompileClasspath,debugUnitTestRuntimeClasspath
com.google.dagger:dagger-spi:2.57.2=_agp_internal_javaPreCompileDebugUnitTest_kaptClasspath,_agp_internal_javaPreCompileDebug_kaptClasspath,debugAnnotationProcessorClasspath,kapt,kaptClasspath_kaptDebugKotlin,kaptClasspath_kaptDebugUnitTestKotlin,kaptTest,kaptTestDebug
com.google.dagger:dagger:2.57.2=_agp_internal_javaPreCompileDebugUnitTest_kaptClasspath,_agp_internal_javaPreCompileDebug_kaptClasspath,debugAnnotationProcessorClasspath,debugCompileClasspath,debugRuntimeClasspath,debugUnitTestCompileClasspath,debugUnitTestRuntimeClasspath,kapt,kaptClasspath_kaptDebugKotlin,kaptClasspath_kaptDebugUnitTestKotlin,kaptTest,kaptTestDebug
com.google.dagger:hilt-android-compiler:2.57.2=_agp_internal_javaPreCompileDebugUnitTest_kaptClasspath,_agp_internal_javaPreCompileDebug_kaptClasspath,debugAnnotationProcessorClasspath,kapt,kaptClasspath_kaptDebugKotlin,kaptClasspath_kaptDebugUnitTestKotlin,kaptTest,kaptTestDebug
com.google.dagger:hilt-android:2.57.2=debugCompileClasspath,debugRuntimeClasspath,debugUnitTestCompileClasspath,debugUnitTestRuntimeClasspath
com.google.dagger:hilt-core:2.57.2=debugCompileClasspath,debugRuntimeClasspath,debugUnitTestCompileClasspath,debugUnitTestRuntimeClasspath
com.google.devtools.ksp:symbol-processing-api:2.1.21-2.0.2=_agp_internal_javaPreCompileDebugUnitTest_kaptClasspath,_agp_internal_javaPreCompileDebug_kaptClasspath,debugAnnotationProcessorClasspath,kapt,kaptClasspath_kaptDebugKotlin,kaptClasspath_kaptDebugUnitTestKotlin,kaptTest,kaptTestDebug
com.google.errorprone:error_prone_annotations:2.23.0=_agp_internal_javaPreCompileDebugUnitTest_kaptClasspath,_agp_internal_javaPreCompileDebug_kaptClasspath,debugAnnotationProcessorClasspath,kapt,kaptClasspath_kaptDebugKotlin,kaptClasspath_kaptDebugUnitTestKotlin,kaptTest,kaptTestDebug
com.google.errorprone:javac-shaded:9-dev-r4023-3=_agp_internal_javaPreCompileDebugUnitTest_kaptClasspath,_agp_internal_javaPreCompileDebug_kaptClasspath,debugAnnotationProcessorClasspath,kapt,kaptClasspath_kaptDebugKotlin,kaptClasspath_kaptDebugUnitTestKotlin,kaptTest,kaptTestDebug
com.google.googlejavaformat:google-java-format:1.5=_agp_internal_javaPreCompileDebugUnitTest_kaptClasspath,_agp_internal_javaPreCompileDebug_kaptClasspath,debugAnnotationProcessorClasspath,kapt,kaptClasspath_kaptDebugKotlin,kaptClasspath_kaptDebugUnitTestKotlin,kaptTest,kaptTestDebug
com.google.guava:failureaccess:1.0.2=_agp_internal_javaPreCompileDebugUnitTest_kaptClasspath,_agp_internal_javaPreCompileDebug_kaptClasspath,debugAnnotationProcessorClasspath,kapt,kaptClasspath_kaptDebugKotlin,kaptClasspath_kaptDebugUnitTestKotlin,kaptTest,kaptTestDebug
com.google.guava:guava:33.0.0-jre=_agp_internal_javaPreCompileDebugUnitTest_kaptClasspath,_agp_internal_javaPreCompileDebug_kaptClasspath,debugAnnotationProcessorClasspath,kapt,kaptClasspath_kaptDebugKotlin,kaptClasspath_kaptDebugUnitTestKotlin,kaptTest,kaptTestDebug
com.google.guava:listenablefuture:1.0=debugRuntimeClasspath,debugUnitTestRuntimeClasspath
com.google.guava:listenablefuture:9999.0-empty-to-avoid-conflict-with-guava=_agp_internal_javaPreCompileDebugUnitTest_kaptClasspath,_agp_internal_javaPreCompileDebug_kaptClasspath,debugAnnotationProcessorClasspath,kapt,kaptClasspath_kaptDebugKotlin,kaptClasspath_kaptDebugUnitTestKotlin,kaptTest,kaptTestDebug
com.squareup.okio:okio-jvm:3.4.0=debugCompileClasspath,debugRuntimeClasspath,debugUnitTestCompileClasspath,debugUnitTestRuntimeClasspath
com.squareup.okio:okio:3.4.0=debugCompileClasspath,debugRuntimeClasspath,debugUnitTestCompileClasspath,debugUnitTestRuntimeClasspath
com.squareup:javapoet:1.13.0=_agp_internal_javaPreCompileDebugUnitTest_kaptClasspath,_agp_internal_javaPreCompileDebug_kaptClasspath,debugAnnotationProcessorClasspath,kapt,kaptClasspath_kaptDebugKotlin,kaptClasspath_kaptDebugUnitTestKotlin,kaptTest,kaptTestDebug
com.squareup:kotlinpoet:1.11.0=_agp_internal_javaPreCompileDebugUnitTest_kaptClasspath,_agp_internal_javaPreCompileDebug_kaptClasspath,debugAnnotationProcessorClasspath,kapt,kaptClasspath_kaptDebugKotlin,kaptClasspath_kaptDebugUnitTestKotlin,kaptTest,kaptTestDebug
jakarta.inject:jakarta.inject-api:2.0.1=_agp_internal_javaPreCompileDebugUnitTest_kaptClasspath,_agp_internal_javaPreCompileDebug_kaptClasspath,debugAnnotationProcessorClasspath,debugCompileClasspath,debugRuntimeClasspath,debugUnitTestCompileClasspath,debugUnitTestRuntimeClasspath,kapt,kaptClasspath_kaptDebugKotlin,kaptClasspath_kaptDebugUnitTestKotlin,kaptTest,kaptTestDebug
javax.inject:javax.inject:1=_agp_internal_javaPreCompileDebugUnitTest_kaptClasspath,_agp_internal_javaPreCompileDebug_kaptClasspath,debugAnnotationProcessorClasspath,debugCompileClasspath,debugRuntimeClasspath,debugUnitTestCompileClasspath,debugUnitTestRuntimeClasspath,kapt,kaptClasspath_kaptDebugKotlin,kaptClasspath_kaptDebugUnitTestKotlin,kaptTest,kaptTestDebug
junit:junit:4.13.2=debugUnitTestCompileClasspath,debugUnitTestRuntimeClasspath
net.ltgt.gradle.incap:incap:0.2=_agp_internal_javaPreCompileDebugUnitTest_kaptClasspath,_agp_internal_javaPreCompileDebug_kaptClasspath,debugAnnotationProcessorClasspath,kapt,kaptClasspath_kaptDebugKotlin,kaptClasspath_kaptDebugUnitTestKotlin,kaptTest,kaptTestDebug
org.checkerframework:checker-compat-qual:2.5.3=_agp_internal_javaPreCompileDebugUnitTest_kaptClasspath,_agp_internal_javaPreCompileDebug_kaptClasspath,debugAnnotationProcessorClasspath,kapt,kaptClasspath_kaptDebugKotlin,kaptClasspath_kaptDebugUnitTestKotlin,kaptTest,kaptTestDebug
org.checkerframework:checker-qual:3.41.0=_agp_internal_javaPreCompileDebugUnitTest_kaptClasspath,_agp_internal_javaPreCompileDebug_kaptClasspath,debugAnnotationProcessorClasspath,kapt,kaptClasspath_kaptDebugKotlin,kaptClasspath_kaptDebugUnitTestKotlin,kaptTest,kaptTestDebug
org.hamcrest:hamcrest-core:1.3=debugUnitTestCompileClasspath,debugUnitTestRuntimeClasspath
org.jetbrains.kotlin:kotlin-android-extensions-runtime:1.9.22=debugRuntimeClasspath,debugUnitTestRuntimeClasspath
org.jetbrains.kotlin:kotlin-annotation-processing-gradle:2.2.20=kotlinCompilerPluginClasspathDebug,kotlinCompilerPluginClasspathDebugUnitTest,kotlinKaptWorkerDependencies
org.jetbrains.kotlin:kotlin-build-tools-api:2.2.20=kotlinBuildToolsApiClasspath
org.jetbrains.kotlin:kotlin-build-tools-impl:2.2.20=kotlinBuildToolsApiClasspath
org.jetbrains.kotlin:kotlin-compiler-embeddable:2.2.20=kotlinBuildToolsApiClasspath,kotlinCompilerClasspath
org.jetbrains.kotlin:kotlin-compiler-runner:2.2.20=kotlinBuildToolsApiClasspath
org.jetbrains.kotlin:kotlin-daemon-client:2.2.20=kotlinBuildToolsApiClasspath
org.jetbrains.kotlin:kotlin-daemon-embeddable:2.2.20=kotlinBuildToolsApiClasspath,kotlinCompilerClasspath
org.jetbrains.kotlin:kotlin-metadata-jvm:2.1.21=_agp_internal_javaPreCompileDebugUnitTest_kaptClasspath,_agp_internal_javaPreCompileDebug_kaptClasspath,debugAnnotationProcessorClasspath,kapt,kaptClasspath_kaptDebugKotlin,kaptClasspath_kaptDebugUnitTestKotlin,kaptTest,kaptTestDebug
org.jetbrains.kotlin:kotlin-parcelize-runtime:1.9.22=debugRuntimeClasspath,debugUnitTestRuntimeClasspath
org.jetbrains.kotlin:kotlin-reflect:1.6.10=_agp_internal_javaPreCompileDebugUnitTest_kaptClasspath,_agp_internal_javaPreCompileDebug_kaptClasspath,debugAnnotationProcessorClasspath,kapt,kaptClasspath_kaptDebugKotlin,kaptClasspath_kaptDebugUnitTestKotlin,kaptTest,kaptTestDebug,kotlinBuildToolsApiClasspath,kotlinCompilerClasspath
org.jetbrains.kotlin:kotlin-script-runtime:2.2.20=kotlinBuildToolsApiClasspath,kotlinCompilerClasspath
org.jetbrains.kotlin:kotlin-scripting-common:2.2.20=kotlinBuildToolsApiClasspath
org.jetbrains.kotlin:kotlin-scripting-compiler-embeddable:2.2.20=kotlinBuildToolsApiClasspath
org.jetbrains.kotlin:kotlin-scripting-compiler-impl-embeddable:2.2.20=kotlinBuildToolsApiClasspath
org.jetbrains.kotlin:kotlin-scripting-jvm:2.2.20=kotlinBuildToolsApiClasspath
org.jetbrains.kotlin:kotlin-stdlib-common:2.2.20=debugCompileClasspath,debugUnitTestCompileClasspath
org.jetbrains.kotlin:kotlin-stdlib-jdk7:1.8.0=_agp_internal_javaPreCompileDebugUnitTest_kaptClasspath,_agp_internal_javaPreCompileDebug_kaptClasspath,debugAnnotationProcessorClasspath,debugUnitTestCompileClasspath,debugUnitTestRuntimeClasspath,kapt,kaptClasspath_kaptDebugKotlin,kaptClasspath_kaptDebugUnitTestKotlin,kaptTest,kaptTestDebug
org.jetbrains.kotlin:kotlin-stdlib-jdk7:1.8.20=debugCompileClasspath,debugRuntimeClasspath
org.jetbrains.kotlin:kotlin-stdlib-jdk8:1.8.0=_agp_internal_javaPreCompileDebugUnitTest_kaptClasspath,_agp_internal_javaPreCompileDebug_kaptClasspath,debugAnnotationProcessorClasspath,debugUnitTestCompileClasspath,debugUnitTestRuntimeClasspath,kapt,kaptClasspath_kaptDebugKotlin,kaptClasspath_kaptDebugUnitTestKotlin,kaptTest,kaptTestDebug
org.jetbrains.kotlin:kotlin-stdlib-jdk8:1.8.20=debugCompileClasspath,debugRuntimeClasspath
org.jetbrains.kotlin:kotlin-stdlib:2.1.21=_agp_internal_javaPreCompileDebugUnitTest_kaptClasspath,_agp_internal_javaPreCompileDebug_kaptClasspath,debugAnnotationProcessorClasspath,kapt,kaptClasspath_kaptDebugKotlin,kaptClasspath_kaptDebugUnitTestKotlin,kaptTest,kaptTestDebug
org.jetbrains.kotlin:kotlin-stdlib:2.2.20=debugCompileClasspath,debugRuntimeClasspath,debugUnitTestCompileClasspath,debugUnitTestRuntimeClasspath,kotlinBuildToolsApiClasspath,kotlinCompilerClasspath,kotlinKaptWorkerDependencies
org.jetbrains.kotlinx:kotlinx-coroutines-android:1.10.2=debugUnitTestCompileClasspath,debugUnitTestRuntimeClasspath
org.jetbrains.kotlinx:kotlinx-coroutines-android:1.7.3=debugCompileClasspath,debugRuntimeClasspath
org.jetbrains.kotlinx:kotlinx-coroutines-bom:1.10.2=debugUnitTestCompileClasspath,debugUnitTestRuntimeClasspath
org.jetbrains.kotlinx:kotlinx-coroutines-bom:1.7.3=debugCompileClasspath,debugRuntimeClasspath
org.jetbrains.kotlinx:kotlinx-coroutines-core-jvm:1.10.2=debugUnitTestCompileClasspath,debugUnitTestRuntimeClasspath
org.jetbrains.kotlinx:kotlinx-coroutines-core-jvm:1.7.3=debugCompileClasspath,debugRuntimeClasspath
org.jetbrains.kotlinx:kotlinx-coroutines-core-jvm:1.8.0=kotlinBuildToolsApiClasspath,kotlinCompilerClasspath
org.jetbrains.kotlinx:kotlinx-coroutines-core:1.10.2=debugUnitTestCompileClasspath,debugUnitTestRuntimeClasspath
org.jetbrains.kotlinx:kotlinx-coroutines-core:1.7.3=debugCompileClasspath,debugRuntimeClasspath
org.jetbrains.kotlinx:kotlinx-coroutines-test-jvm:1.10.2=debugUnitTestCompileClasspath,debugUnitTestRuntimeClasspath
org.jetbrains.kotlinx:kotlinx-coroutines-test:1.10.2=debugUnitTestCompileClasspath,debugUnitTestRuntimeClasspath
org.jetbrains:annotations:13.0=_agp_internal_javaPreCompileDebugUnitTest_kaptClasspath,_agp_internal_javaPreCompileDebug_kaptClasspath,debugAnnotationProcessorClasspath,kapt,kaptClasspath_kaptDebugKotlin,kaptClasspath_kaptDebugUnitTestKotlin,kaptTest,kaptTestDebug,kotlinBuildToolsApiClasspath,kotlinCompilerClasspath,kotlinKaptWorkerDependencies
org.jetbrains:annotations:23.0.0=debugCompileClasspath,debugRuntimeClasspath,debugUnitTestCompileClasspath,debugUnitTestRuntimeClasspath
org.jspecify:jspecify:1.0.0=_agp_internal_javaPreCompileDebugUnitTest_kaptClasspath,_agp_internal_javaPreCompileDebug_kaptClasspath,debugAnnotationProcessorClasspath,debugCompileClasspath,debugRuntimeClasspath,debugUnitTestCompileClasspath,debugUnitTestRuntimeClasspath,kapt,kaptClasspath_kaptDebugKotlin,kaptClasspath_kaptDebugUnitTestKotlin,kaptTest,kaptTestDebug
empty=androidApis,androidJdkImage,hiltCompileOnlyDebugUnitTest,lintPublish
